
Microsoft Visual Studio Solution File, Format Version 12.00
# Visual Studio Version 16
VisualStudioVersion = 16.0.31321.278
MinimumVisualStudioVersion = 10.0.40219.1
Project("{FAE04EC0-301F-11D3-BF4B-00C04F79EFBC}") = "Constructors_Hutton_Riley", "Constructors_Hutton_Riley.csproj", "{1A021C53-F793-41FE-8FC4-EEE82E54A479}"
EndProject
Global
	GlobalSection(SolutionConfigurationPlatforms) = preSolution
		Debug|Any CPU = Debug|Any CPU
		Release|Any CPU = Release|Any CPU
	EndGlobalSection
	GlobalSection(ProjectConfigurationPlatforms) = postSolution
		{1A021C53-F793-41FE-8FC4-EEE82E54A479}.Debug|Any CPU.ActiveCfg = Debug|Any CPU
		{1A021C53-F793-41FE-8FC4-EEE82E54A479}.Debug|Any CPU.Build.0 = Debug|Any CPU
		{1A021C53-F793-41FE-8FC4-EEE82E54A479}.Release|Any CPU.ActiveCfg = Release|Any CPU
		{1A021C53-F793-41FE-8FC4-EEE82E54A479}.Release|Any CPU.Build.0 = Release|Any CPU
	EndGlobalSection
	GlobalSection(SolutionProperties) = preSolution
		HideSolutionNode = FALSE
	EndGlobalSection
	GlobalSection(ExtensibilityGlobals) = postSolution
		SolutionGuid = {9494169F-C9E0-4BAD-9062-CD99421CE9FA}
	EndGlobalSection
EndGlobal
